// !$*UTF8*$!
{
	archiveVersion = 1;
	classes = {
	};
	objectVersion = 48;
	objects = {

/* Begin PBXBuildFile section */
		9122950FFCD5D9EEF12DC1F9 /* Pods_Instagram.framework in Frameworks */ = {isa = PBXBuildFile; fileRef = C5EE01D7968AA49948CA538B /* Pods_Instagram.framework */; };
		9A4B18172040FCB1008A51B3 /* AppDelegate.swift in Sources */ = {isa = PBXBuildFile; fileRef = 9A4B18162040FCB1008A51B3 /* AppDelegate.swift */; };
		9A4B181C2040FCB1008A51B3 /* Main.storyboard in Resources */ = {isa = PBXBuildFile; fileRef = 9A4B181A2040FCB1008A51B3 /* Main.storyboard */; };
		9A4B181E2040FCB1008A51B3 /* Assets.xcassets in Resources */ = {isa = PBXBuildFile; fileRef = 9A4B181D2040FCB1008A51B3 /* Assets.xcassets */; };
		9A4B18212040FCB1008A51B3 /* LaunchScreen.storyboard in Resources */ = {isa = PBXBuildFile; fileRef = 9A4B181F2040FCB1008A51B3 /* LaunchScreen.storyboard */; };
		9A4B182C2040FCB1008A51B3 /* InstagramTests.swift in Sources */ = {isa = PBXBuildFile; fileRef = 9A4B182B2040FCB1008A51B3 /* InstagramTests.swift */; };
		9A4B18372040FCB1008A51B3 /* InstagramUITests.swift in Sources */ = {isa = PBXBuildFile; fileRef = 9A4B18362040FCB1008A51B3 /* InstagramUITests.swift */; };
		9A8C71932041212400F60919 /* LoginViewController.swift in Sources */ = {isa = PBXBuildFile; fileRef = 9A8C71922041212400F60919 /* LoginViewController.swift */; };
		9AB2F3652043D12400EED21D /* homePageViewController.swift in Sources */ = {isa = PBXBuildFile; fileRef = 9AB2F3642043D12400EED21D /* homePageViewController.swift */; };
		9AB2F3672043D16300EED21D /* UploadPhotoViewController.swift in Sources */ = {isa = PBXBuildFile; fileRef = 9AB2F3662043D16300EED21D /* UploadPhotoViewController.swift */; };
		9AB2F36B2043D44A00EED21D /* PostCell.swift in Sources */ = {isa = PBXBuildFile; fileRef = 9AB2F36A2043D44A00EED21D /* PostCell.swift */; };
		9AB2F36D2043ED3400EED21D /* Post.swift in Sources */ = {isa = PBXBuildFile; fileRef = 9AB2F36C2043ED3400EED21D /* Post.swift */; };
		B7C449E24A631C8883EB2C76 /* Pods_InstagramTests.framework in Frameworks */ = {isa = PBXBuildFile; fileRef = D671BF2229172E16BD335AD2 /* Pods_InstagramTests.framework */; };
		C83CFFE36BE67711750D4911 /* Pods_InstagramUITests.framework in Frameworks */ = {isa = PBXBuildFile; fileRef = 13AAEA588265E88CFBEB159A /* Pods_InstagramUITests.framework */; };
/* End PBXBuildFile section */

/* Begin PBXContainerItemProxy section */
		9A4B18282040FCB1008A51B3 /* PBXContainerItemProxy */ = {
			isa = PBXContainerItemProxy;
			containerPortal = 9A4B180B2040FCB1008A51B3 /* Project object */;
			proxyType = 1;
			remoteGlobalIDString = 9A4B18122040FCB1008A51B3;
			remoteInfo = Instagram;
		};
		9A4B18332040FCB1008A51B3 /* PBXContainerItemProxy */ = {
			isa = PBXContainerItemProxy;
			containerPortal = 9A4B180B2040FCB1008A51B3 /* Project object */;
			proxyType = 1;
			remoteGlobalIDString = 9A4B18122040FCB1008A51B3;
			remoteInfo = Instagram;
		};
/* End PBXContainerItemProxy section */

/* Begin PBXFileReference section */
		001356B32C6E6A1CD720BF19 /* Pods-InstagramUITests.debug.xcconfig */ = {isa = PBXFileReference; includeInIndex = 1; lastKnownFileType = text.xcconfig; name = "Pods-InstagramUITests.debug.xcconfig"; path = "Pods/Target Support Files/Pods-InstagramUITests/Pods-InstagramUITests.debug.xcconfig"; sourceTree = "<group>"; };
		0FDF4E0DA2D777DCE242A017 /* Pods-InstagramUITests.release.xcconfig */ = {isa = PBXFileReference; includeInIndex = 1; lastKnownFileType = text.xcconfig; name = "Pods-InstagramUITests.release.xcconfig"; path = "Pods/Target Support Files/Pods-InstagramUITests/Pods-InstagramUITests.release.xcconfig"; sourceTree = "<group>"; };
		13AAEA588265E88CFBEB159A /* Pods_InstagramUITests.framework */ = {isa = PBXFileReference; explicitFileType = wrapper.framework; includeInIndex = 0; path = Pods_InstagramUITests.framework; sourceTree = BUILT_PRODUCTS_DIR; };
		49174D7AED4A5A6CEC93AD0B /* Pods-Instagram.debug.xcconfig */ = {isa = PBXFileReference; includeInIndex = 1; lastKnownFileType = text.xcconfig; name = "Pods-Instagram.debug.xcconfig"; path = "Pods/Target Support Files/Pods-Instagram/Pods-Instagram.debug.xcconfig"; sourceTree = "<group>"; };
		5191C6D76973524F065E5A1A /* Pods-InstagramTests.debug.xcconfig */ = {isa = PBXFileReference; includeInIndex = 1; lastKnownFileType = text.xcconfig; name = "Pods-InstagramTests.debug.xcconfig"; path = "Pods/Target Support Files/Pods-InstagramTests/Pods-InstagramTests.debug.xcconfig"; sourceTree = "<group>"; };
		9A4B18132040FCB1008A51B3 /* Instagram.app */ = {isa = PBXFileReference; explicitFileType = wrapper.application; includeInIndex = 0; path = Instagram.app; sourceTree = BUILT_PRODUCTS_DIR; };
		9A4B18162040FCB1008A51B3 /* AppDelegate.swift */ = {isa = PBXFileReference; lastKnownFileType = sourcecode.swift; path = AppDelegate.swift; sourceTree = "<group>"; };
		9A4B181B2040FCB1008A51B3 /* Base */ = {isa = PBXFileReference; lastKnownFileType = file.storyboard; name = Base; path = Base.lproj/Main.storyboard; sourceTree = "<group>"; };
		9A4B181D2040FCB1008A51B3 /* Assets.xcassets */ = {isa = PBXFileReference; lastKnownFileType = folder.assetcatalog; path = Assets.xcassets; sourceTree = "<group>"; };
		9A4B18202040FCB1008A51B3 /* Base */ = {isa = PBXFileReference; lastKnownFileType = file.storyboard; name = Base; path = Base.lproj/LaunchScreen.storyboard; sourceTree = "<group>"; };
		9A4B18222040FCB1008A51B3 /* Info.plist */ = {isa = PBXFileReference; lastKnownFileType = text.plist.xml; path = Info.plist; sourceTree = "<group>"; };
		9A4B18272040FCB1008A51B3 /* InstagramTests.xctest */ = {isa = PBXFileReference; explicitFileType = wrapper.cfbundle; includeInIndex = 0; path = InstagramTests.xctest; sourceTree = BUILT_PRODUCTS_DIR; };
		9A4B182B2040FCB1008A51B3 /* InstagramTests.swift */ = {isa = PBXFileReference; lastKnownFileType = sourcecode.swift; path = InstagramTests.swift; sourceTree = "<group>"; };
		9A4B182D2040FCB1008A51B3 /* Info.plist */ = {isa = PBXFileReference; lastKnownFileType = text.plist.xml; path = Info.plist; sourceTree = "<group>"; };
		9A4B18322040FCB1008A51B3 /* InstagramUITests.xctest */ = {isa = PBXFileReference; explicitFileType = wrapper.cfbundle; includeInIndex = 0; path = InstagramUITests.xctest; sourceTree = BUILT_PRODUCTS_DIR; };
		9A4B18362040FCB1008A51B3 /* InstagramUITests.swift */ = {isa = PBXFileReference; lastKnownFileType = sourcecode.swift; path = InstagramUITests.swift; sourceTree = "<group>"; };
		9A4B18382040FCB1008A51B3 /* Info.plist */ = {isa = PBXFileReference; lastKnownFileType = text.plist.xml; path = Info.plist; sourceTree = "<group>"; };
		9A8C71922041212400F60919 /* LoginViewController.swift */ = {isa = PBXFileReference; lastKnownFileType = sourcecode.swift; path = LoginViewController.swift; sourceTree = "<group>"; };
		9AB2F3642043D12400EED21D /* homePageViewController.swift */ = {isa = PBXFileReference; lastKnownFileType = sourcecode.swift; path = homePageViewController.swift; sourceTree = "<group>"; };
		9AB2F3662043D16300EED21D /* UploadPhotoViewController.swift */ = {isa = PBXFileReference; lastKnownFileType = sourcecode.swift; path = UploadPhotoViewController.swift; sourceTree = "<group>"; };
		9AB2F36A2043D44A00EED21D /* PostCell.swift */ = {isa = PBXFileReference; lastKnownFileType = sourcecode.swift; path = PostCell.swift; sourceTree = "<group>"; };
		9AB2F36C2043ED3400EED21D /* Post.swift */ = {isa = PBXFileReference; lastKnownFileType = sourcecode.swift; path = Post.swift; sourceTree = "<group>"; };
		A2D67DD0C7A186307F7C79C6 /* Pods-InstagramTests.release.xcconfig */ = {isa = PBXFileReference; includeInIndex = 1; lastKnownFileType = text.xcconfig; name = "Pods-InstagramTests.release.xcconfig"; path = "Pods/Target Support Files/Pods-InstagramTests/Pods-InstagramTests.release.xcconfig"; sourceTree = "<group>"; };
		C5EE01D7968AA49948CA538B /* Pods_Instagram.framework */ = {isa = PBXFileReference; explicitFileType = wrapper.framework; includeInIndex = 0; path = Pods_Instagram.framework; sourceTree = BUILT_PRODUCTS_DIR; };
		D671BF2229172E16BD335AD2 /* Pods_InstagramTests.framework */ = {isa = PBXFileReference; explicitFileType = wrapper.framework; includeInIndex = 0; path = Pods_InstagramTests.framework; sourceTree = BUILT_PRODUCTS_DIR; };
		E0C5670744D5CBD215C66503 /* Pods-Instagram.release.xcconfig */ = {isa = PBXFileReference; includeInIndex = 1; lastKnownFileType = text.xcconfig; name = "Pods-Instagram.release.xcconfig"; path = "Pods/Target Support Files/Pods-Instagram/Pods-Instagram.release.xcconfig"; sourceTree = "<group>"; };
/* End PBXFileReference section */

/* Begin PBXFrameworksBuildPhase section */
		9A4B18102040FCB1008A51B3 /* Frameworks */ = {
			isa = PBXFrameworksBuildPhase;
			buildActionMask = 2147483647;
			files = (
				9122950FFCD5D9EEF12DC1F9 /* Pods_Instagram.framework in Frameworks */,
			);
			runOnlyForDeploymentPostprocessing = 0;
		};
		9A4B18242040FCB1008A51B3 /* Frameworks */ = {
			isa = PBXFrameworksBuildPhase;
			buildActionMask = 2147483647;
			files = (
				B7C449E24A631C8883EB2C76 /* Pods_InstagramTests.framework in Frameworks */,
			);
			runOnlyForDeploymentPostprocessing = 0;
		};
		9A4B182F2040FCB1008A51B3 /* Frameworks */ = {
			isa = PBXFrameworksBuildPhase;
			buildActionMask = 2147483647;
			files = (
				C83CFFE36BE67711750D4911 /* Pods_InstagramUITests.framework in Frameworks */,
			);
			runOnlyForDeploymentPostprocessing = 0;
		};
/* End PBXFrameworksBuildPhase section */

/* Begin PBXGroup section */
		101BD349A190FBA482EA5B8E /* Frameworks */ = {
			isa = PBXGroup;
			children = (
				C5EE01D7968AA49948CA538B /* Pods_Instagram.framework */,
				D671BF2229172E16BD335AD2 /* Pods_InstagramTests.framework */,
				13AAEA588265E88CFBEB159A /* Pods_InstagramUITests.framework */,
			);
			name = Frameworks;
			sourceTree = "<group>";
		};
		9A4B180A2040FCB1008A51B3 = {
			isa = PBXGroup;
			children = (
				9A4B18152040FCB1008A51B3 /* Instagram */,
				9A4B182A2040FCB1008A51B3 /* InstagramTests */,
				9A4B18352040FCB1008A51B3 /* InstagramUITests */,
				9A4B18142040FCB1008A51B3 /* Products */,
				C2342ACFFCA02E52D8446C80 /* Pods */,
				101BD349A190FBA482EA5B8E /* Frameworks */,
			);
			sourceTree = "<group>";
		};
		9A4B18142040FCB1008A51B3 /* Products */ = {
			isa = PBXGroup;
			children = (
				9A4B18132040FCB1008A51B3 /* Instagram.app */,
				9A4B18272040FCB1008A51B3 /* InstagramTests.xctest */,
				9A4B18322040FCB1008A51B3 /* InstagramUITests.xctest */,
			);
			name = Products;
			sourceTree = "<group>";
		};
		9A4B18152040FCB1008A51B3 /* Instagram */ = {
			isa = PBXGroup;
			children = (
				9AB2F3632043B66500EED21D /* ViewCotrollers */,
				9AB2F3622043B65400EED21D /* Views */,
				9AB2F3612043B61D00EED21D /* Models */,
				9A4B18162040FCB1008A51B3 /* AppDelegate.swift */,
				9A4B181A2040FCB1008A51B3 /* Main.storyboard */,
				9A4B181D2040FCB1008A51B3 /* Assets.xcassets */,
				9A4B181F2040FCB1008A51B3 /* LaunchScreen.storyboard */,
				9A4B18222040FCB1008A51B3 /* Info.plist */,
			);
			path = Instagram;
			sourceTree = "<group>";
		};
		9A4B182A2040FCB1008A51B3 /* InstagramTests */ = {
			isa = PBXGroup;
			children = (
				9A4B182B2040FCB1008A51B3 /* InstagramTests.swift */,
				9A4B182D2040FCB1008A51B3 /* Info.plist */,
			);
			path = InstagramTests;
			sourceTree = "<group>";
		};
		9A4B18352040FCB1008A51B3 /* InstagramUITests */ = {
			isa = PBXGroup;
			children = (
				9A4B18362040FCB1008A51B3 /* InstagramUITests.swift */,
				9A4B18382040FCB1008A51B3 /* Info.plist */,
			);
			path = InstagramUITests;
			sourceTree = "<group>";
		};
		9AB2F3612043B61D00EED21D /* Models */ = {
			isa = PBXGroup;
			children = (
				9AB2F36C2043ED3400EED21D /* Post.swift */,
			);
			path = Models;
			sourceTree = "<group>";
		};
		9AB2F3622043B65400EED21D /* Views */ = {
			isa = PBXGroup;
			children = (
				9AB2F36A2043D44A00EED21D /* PostCell.swift */,
			);
			path = Views;
			sourceTree = "<group>";
		};
		9AB2F3632043B66500EED21D /* ViewCotrollers */ = {
			isa = PBXGroup;
			children = (
				9A8C71922041212400F60919 /* LoginViewController.swift */,
				9AB2F3642043D12400EED21D /* homePageViewController.swift */,
				9AB2F3662043D16300EED21D /* UploadPhotoViewController.swift */,
			);
			path = ViewCotrollers;
			sourceTree = "<group>";
		};
		C2342ACFFCA02E52D8446C80 /* Pods */ = {
			isa = PBXGroup;
			children = (
				49174D7AED4A5A6CEC93AD0B /* Pods-Instagram.debug.xcconfig */,
				E0C5670744D5CBD215C66503 /* Pods-Instagram.release.xcconfig */,
				5191C6D76973524F065E5A1A /* Pods-InstagramTests.debug.xcconfig */,
				A2D67DD0C7A186307F7C79C6 /* Pods-InstagramTests.release.xcconfig */,
				001356B32C6E6A1CD720BF19 /* Pods-InstagramUITests.debug.xcconfig */,
				0FDF4E0DA2D777DCE242A017 /* Pods-InstagramUITests.release.xcconfig */,
			);
			name = Pods;
			sourceTree = "<group>";
		};
/* End PBXGroup section */

/* Begin PBXNativeTarget section */
		9A4B18122040FCB1008A51B3 /* Instagram */ = {
			isa = PBXNativeTarget;
			buildConfigurationList = 9A4B183B2040FCB1008A51B3 /* Build configuration list for PBXNativeTarget "Instagram" */;
			buildPhases = (
				257B93DC2E7435A5E2632A66 /* [CP] Check Pods Manifest.lock */,
				9A4B180F2040FCB1008A51B3 /* Sources */,
				9A4B18102040FCB1008A51B3 /* Frameworks */,
				9A4B18112040FCB1008A51B3 /* Resources */,
				ED97490145C9E714D7E69878 /* [CP] Embed Pods Frameworks */,
				DC478813726CF9BB6E3A22CD /* [CP] Copy Pods Resources */,
			);
			buildRules = (
			);
			dependencies = (
			);
			name = Instagram;
			productName = Instagram;
			productReference = 9A4B18132040FCB1008A51B3 /* Instagram.app */;
			productType = "com.apple.product-type.application";
		};
		9A4B18262040FCB1008A51B3 /* InstagramTests */ = {
			isa = PBXNativeTarget;
			buildConfigurationList = 9A4B183E2040FCB1008A51B3 /* Build configuration list for PBXNativeTarget "InstagramTests" */;
			buildPhases = (
				E9EDD2DD234D3A68E263B368 /* [CP] Check Pods Manifest.lock */,
				9A4B18232040FCB1008A51B3 /* Sources */,
				9A4B18242040FCB1008A51B3 /* Frameworks */,
				9A4B18252040FCB1008A51B3 /* Resources */,
				C9E82D0539ED654595A3E367 /* [CP] Embed Pods Frameworks */,
				FC3564DADE3E8A112327C617 /* [CP] Copy Pods Resources */,
			);
			buildRules = (
			);
			dependencies = (
				9A4B18292040FCB1008A51B3 /* PBXTargetDependency */,
			);
			name = InstagramTests;
			productName = InstagramTests;
			productReference = 9A4B18272040FCB1008A51B3 /* InstagramTests.xctest */;
			productType = "com.apple.product-type.bundle.unit-test";
		};
		9A4B18312040FCB1008A51B3 /* InstagramUITests */ = {
			isa = PBXNativeTarget;
			buildConfigurationList = 9A4B18412040FCB1008A51B3 /* Build configuration list for PBXNativeTarget "InstagramUITests" */;
			buildPhases = (
				C50203A08999602D663AD423 /* [CP] Check Pods Manifest.lock */,
				9A4B182E2040FCB1008A51B3 /* Sources */,
				9A4B182F2040FCB1008A51B3 /* Frameworks */,
				9A4B18302040FCB1008A51B3 /* Resources */,
				AD8F0441ED8D2C77810F7DB6 /* [CP] Embed Pods Frameworks */,
				5990B641D5F247233D83FB32 /* [CP] Copy Pods Resources */,
			);
			buildRules = (
			);
			dependencies = (
				9A4B18342040FCB1008A51B3 /* PBXTargetDependency */,
			);
			name = InstagramUITests;
			productName = InstagramUITests;
			productReference = 9A4B18322040FCB1008A51B3 /* InstagramUITests.xctest */;
			productType = "com.apple.product-type.bundle.ui-testing";
		};
/* End PBXNativeTarget section */

/* Begin PBXProject section */
		9A4B180B2040FCB1008A51B3 /* Project object */ = {
			isa = PBXProject;
			attributes = {
				LastSwiftUpdateCheck = 0920;
				LastUpgradeCheck = 0920;
				ORGANIZATIONNAME = "Sandra Flores";
				TargetAttributes = {
					9A4B18122040FCB1008A51B3 = {
						CreatedOnToolsVersion = 9.2;
						ProvisioningStyle = Automatic;
					};
					9A4B18262040FCB1008A51B3 = {
						CreatedOnToolsVersion = 9.2;
						ProvisioningStyle = Automatic;
						TestTargetID = 9A4B18122040FCB1008A51B3;
					};
					9A4B18312040FCB1008A51B3 = {
						CreatedOnToolsVersion = 9.2;
						ProvisioningStyle = Automatic;
						TestTargetID = 9A4B18122040FCB1008A51B3;
					};
				};
			};
			buildConfigurationList = 9A4B180E2040FCB1008A51B3 /* Build configuration list for PBXProject "Instagram" */;
			compatibilityVersion = "Xcode 8.0";
			developmentRegion = en;
			hasScannedForEncodings = 0;
			knownRegions = (
				en,
				Base,
			);
			mainGroup = 9A4B180A2040FCB1008A51B3;
			productRefGroup = 9A4B18142040FCB1008A51B3 /* Products */;
			projectDirPath = "";
			projectRoot = "";
			targets = (
				9A4B18122040FCB1008A51B3 /* Instagram */,
				9A4B18262040FCB1008A51B3 /* InstagramTests */,
				9A4B18312040FCB1008A51B3 /* InstagramUITests */,
			);
		};
/* End PBXProject section */

/* Begin PBXResourcesBuildPhase section */
		9A4B18112040FCB1008A51B3 /* Resources */ = {
			isa = PBXResourcesBuildPhase;
			buildActionMask = 2147483647;
			files = (
				9A4B18212040FCB1008A51B3 /* LaunchScreen.storyboard in Resources */,
				9A4B181E2040FCB1008A51B3 /* Assets.xcassets in Resources */,
				9A4B181C2040FCB1008A51B3 /* Main.storyboard in Resources */,
			);
			runOnlyForDeploymentPostprocessing = 0;
		};
		9A4B18252040FCB1008A51B3 /* Resources */ = {
			isa = PBXResourcesBuildPhase;
			buildActionMask = 2147483647;
			files = (
			);
			runOnlyForDeploymentPostprocessing = 0;
		};
		9A4B18302040FCB1008A51B3 /* Resources */ = {
			isa = PBXResourcesBuildPhase;
			buildActionMask = 2147483647;
			files = (
			);
			runOnlyForDeploymentPostprocessing = 0;
		};
/* End PBXResourcesBuildPhase section */

/* Begin PBXShellScriptBuildPhase section */
		257B93DC2E7435A5E2632A66 /* [CP] Check Pods Manifest.lock */ = {
			isa = PBXShellScriptBuildPhase;
			buildActionMask = 2147483647;
			files = (
			);
			inputPaths = (
				"${PODS_PODFILE_DIR_PATH}/Podfile.lock",
				"${PODS_ROOT}/Manifest.lock",
			);
			name = "[CP] Check Pods Manifest.lock";
			outputPaths = (
				"$(DERIVED_FILE_DIR)/Pods-Instagram-checkManifestLockResult.txt",
			);
			runOnlyForDeploymentPostprocessing = 0;
			shellPath = /bin/sh;
			shellScript = "diff \"${PODS_PODFILE_DIR_PATH}/Podfile.lock\" \"${PODS_ROOT}/Manifest.lock\" > /dev/null\nif [ $? != 0 ] ; then\n    # print error to STDERR\n    echo \"error: The sandbox is not in sync with the Podfile.lock. Run 'pod install' or update your CocoaPods installation.\" >&2\n    exit 1\nfi\n# This output is used by Xcode 'outputs' to avoid re-running this script phase.\necho \"SUCCESS\" > \"${SCRIPT_OUTPUT_FILE_0}\"\n";
			showEnvVarsInLog = 0;
		};
		5990B641D5F247233D83FB32 /* [CP] Copy Pods Resources */ = {
			isa = PBXShellScriptBuildPhase;
			buildActionMask = 2147483647;
			files = (
			);
			inputPaths = (
			);
			name = "[CP] Copy Pods Resources";
			outputPaths = (
			);
			runOnlyForDeploymentPostprocessing = 0;
			shellPath = /bin/sh;
			shellScript = "\"${SRCROOT}/Pods/Target Support Files/Pods-InstagramUITests/Pods-InstagramUITests-resources.sh\"\n";
			showEnvVarsInLog = 0;
		};
		AD8F0441ED8D2C77810F7DB6 /* [CP] Embed Pods Frameworks */ = {
			isa = PBXShellScriptBuildPhase;
			buildActionMask = 2147483647;
			files = (
			);
			inputPaths = (
			);
			name = "[CP] Embed Pods Frameworks";
			outputPaths = (
			);
			runOnlyForDeploymentPostprocessing = 0;
			shellPath = /bin/sh;
			shellScript = "\"${SRCROOT}/Pods/Target Support Files/Pods-InstagramUITests/Pods-InstagramUITests-frameworks.sh\"\n";
			showEnvVarsInLog = 0;
		};
		C50203A08999602D663AD423 /* [CP] Check Pods Manifest.lock */ = {
			isa = PBXShellScriptBuildPhase;
			buildActionMask = 2147483647;
			files = (
			);
			inputPaths = (
				"${PODS_PODFILE_DIR_PATH}/Podfile.lock",
				"${PODS_ROOT}/Manifest.lock",
			);
			name = "[CP] Check Pods Manifest.lock";
			outputPaths = (
				"$(DERIVED_FILE_DIR)/Pods-InstagramUITests-checkManifestLockResult.txt",
			);
			runOnlyForDeploymentPostprocessing = 0;
			shellPath = /bin/sh;
			shellScript = "diff \"${PODS_PODFILE_DIR_PATH}/Podfile.lock\" \"${PODS_ROOT}/Manifest.lock\" > /dev/null\nif [ $? != 0 ] ; then\n    # print error to STDERR\n    echo \"error: The sandbox is not in sync with the Podfile.lock. Run 'pod install' or update your CocoaPods installation.\" >&2\n    exit 1\nfi\n# This output is used by Xcode 'outputs' to avoid re-running this script phase.\necho \"SUCCESS\" > \"${SCRIPT_OUTPUT_FILE_0}\"\n";
			showEnvVarsInLog = 0;
		};
		C9E82D0539ED654595A3E367 /* [CP] Embed Pods Frameworks */ = {
			isa = PBXShellScriptBuildPhase;
			buildActionMask = 2147483647;
			files = (
			);
			inputPaths = (
				"${SRCROOT}/Pods/Target Support Files/Pods-InstagramTests/Pods-InstagramTests-frameworks.sh",
				"${BUILT_PRODUCTS_DIR}/Bolts/Bolts.framework",
				"${BUILT_PRODUCTS_DIR}/Parse/Parse.framework",
			);
			name = "[CP] Embed Pods Frameworks";
			outputPaths = (
				"${TARGET_BUILD_DIR}/${FRAMEWORKS_FOLDER_PATH}/Bolts.framework",
				"${TARGET_BUILD_DIR}/${FRAMEWORKS_FOLDER_PATH}/Parse.framework",
			);
			runOnlyForDeploymentPostprocessing = 0;
			shellPath = /bin/sh;
			shellScript = "\"${SRCROOT}/Pods/Target Support Files/Pods-InstagramTests/Pods-InstagramTests-frameworks.sh\"\n";
			showEnvVarsInLog = 0;
		};
		DC478813726CF9BB6E3A22CD /* [CP] Copy Pods Resources */ = {
			isa = PBXShellScriptBuildPhase;
			buildActionMask = 2147483647;
			files = (
			);
			inputPaths = (
			);
			name = "[CP] Copy Pods Resources";
			outputPaths = (
			);
			runOnlyForDeploymentPostprocessing = 0;
			shellPath = /bin/sh;
			shellScript = "\"${SRCROOT}/Pods/Target Support Files/Pods-Instagram/Pods-Instagram-resources.sh\"\n";
			showEnvVarsInLog = 0;
		};
		E9EDD2DD234D3A68E263B368 /* [CP] Check Pods Manifest.lock */ = {
			isa = PBXShellScriptBuildPhase;
			buildActionMask = 2147483647;
			files = (
			);
			inputPaths = (
				"${PODS_PODFILE_DIR_PATH}/Podfile.lock",
				"${PODS_ROOT}/Manifest.lock",
			);
			name = "[CP] Check Pods Manifest.lock";
			outputPaths = (
				"$(DERIVED_FILE_DIR)/Pods-InstagramTests-checkManifestLockResult.txt",
			);
			runOnlyForDeploymentPostprocessing = 0;
			shellPath = /bin/sh;
			shellScript = "diff \"${PODS_PODFILE_DIR_PATH}/Podfile.lock\" \"${PODS_ROOT}/Manifest.lock\" > /dev/null\nif [ $? != 0 ] ; then\n    # print error to STDERR\n    echo \"error: The sandbox is not in sync with the Podfile.lock. Run 'pod install' or update your CocoaPods installation.\" >&2\n    exit 1\nfi\n# This output is used by Xcode 'outputs' to avoid re-running this script phase.\necho \"SUCCESS\" > \"${SCRIPT_OUTPUT_FILE_0}\"\n";
			showEnvVarsInLog = 0;
		};
		ED97490145C9E714D7E69878 /* [CP] Embed Pods Frameworks */ = {
			isa = PBXShellScriptBuildPhase;
			buildActionMask = 2147483647;
			files = (
			);
			inputPaths = (
				"${SRCROOT}/Pods/Target Support Files/Pods-Instagram/Pods-Instagram-frameworks.sh",
				"${BUILT_PRODUCTS_DIR}/Bolts/Bolts.framework",
				"${BUILT_PRODUCTS_DIR}/Parse/Parse.framework",
				"${BUILT_PRODUCTS_DIR}/ParseUI/ParseUI.framework",
			);
			name = "[CP] Embed Pods Frameworks";
			outputPaths = (
				"${TARGET_BUILD_DIR}/${FRAMEWORKS_FOLDER_PATH}/Bolts.framework",
				"${TARGET_BUILD_DIR}/${FRAMEWORKS_FOLDER_PATH}/Parse.framework",
				"${TARGET_BUILD_DIR}/${FRAMEWORKS_FOLDER_PATH}/ParseUI.framework",
			);
			runOnlyForDeploymentPostprocessing = 0;
			shellPath = /bin/sh;
			shellScript = "\"${SRCROOT}/Pods/Target Support Files/Pods-Instagram/Pods-Instagram-frameworks.sh\"\n";
			showEnvVarsInLog = 0;
		};
		FC3564DADE3E8A112327C617 /* [CP] Copy Pods Resources */ = {
			isa = PBXShellScriptBuildPhase;
			buildActionMask = 2147483647;
			files = (
			);
			inputPaths = (
			);
			name = "[CP] Copy Pods Resources";
			outputPaths = (
			);
			runOnlyForDeploymentPostprocessing = 0;
			shellPath = /bin/sh;
			shellScript = "\"${SRCROOT}/Pods/Target Support Files/Pods-InstagramTests/Pods-InstagramTests-resources.sh\"\n";
			showEnvVarsInLog = 0;
		};
/* End PBXShellScriptBuildPhase section */

/* Begin PBXSourcesBuildPhase section */
		9A4B180F2040FCB1008A51B3 /* Sources */ = {
			isa = PBXSourcesBuildPhase;
			buildActionMask = 2147483647;
			files = (
				9AB2F3672043D16300EED21D /* UploadPhotoViewController.swift in Sources */,
				9A8C71932041212400F60919 /* LoginViewController.swift in Sources */,
				9A4B18172040FCB1008A51B3 /* AppDelegate.swift in Sources */,
				9AB2F36D2043ED3400EED21D /* Post.swift in Sources */,
				9AB2F3652043D12400EED21D /* homePageViewController.swift in Sources */,
				9AB2F36B2043D44A00EED21D /* PostCell.swift in Sources */,
			);
			runOnlyForDeploymentPostprocessing = 0;
		};
		9A4B18232040FCB1008A51B3 /* Sources */ = {
			isa = PBXSourcesBuildPhase;
			buildActionMask = 2147483647;
			files = (
				9A4B182C2040FCB1008A51B3 /* InstagramTests.swift in Sources */,
			);
			runOnlyForDeploymentPostprocessing = 0;
		};
		9A4B182E2040FCB1008A51B3 /* Sources */ = {
			isa = PBXSourcesBuildPhase;
			buildActionMask = 2147483647;
			files = (
				9A4B18372040FCB1008A51B3 /* InstagramUITests.swift in Sources */,
			);
			runOnlyForDeploymentPostprocessing = 0;
		};
/* End PBXSourcesBuildPhase section */

/* Begin PBXTargetDependency section */
		9A4B18292040FCB1008A51B3 /* PBXTargetDependency */ = {
			isa = PBXTargetDependency;
			target = 9A4B18122040FCB1008A51B3 /* Instagram */;
			targetProxy = 9A4B18282040FCB1008A51B3 /* PBXContainerItemProxy */;
		};
		9A4B18342040FCB1008A51B3 /* PBXTargetDependency */ = {
			isa = PBXTargetDependency;
			target = 9A4B18122040FCB1008A51B3 /* Instagram */;
			targetProxy = 9A4B18332040FCB1008A51B3 /* PBXContainerItemProxy */;
		};
/* End PBXTargetDependency section */

/* Begin PBXVariantGroup section */
		9A4B181A2040FCB1008A51B3 /* Main.storyboard */ = {
			isa = PBXVariantGroup;
			children = (
				9A4B181B2040FCB1008A51B3 /* Base */,
			);
			name = Main.storyboard;
			sourceTree = "<group>";
		};
		9A4B181F2040FCB1008A51B3 /* LaunchScreen.storyboard */ = {
			isa = PBXVariantGroup;
			children = (
				9A4B18202040FCB1008A51B3 /* Base */,
			);
			name = LaunchScreen.storyboard;
			sourceTree = "<group>";
		};
/* End PBXVariantGroup section */

/* Begin XCBuildConfiguration section */
		9A4B18392040FCB1008A51B3 /* Debug */ = {
			isa = XCBuildConfiguration;
			buildSettings = {
				ALWAYS_SEARCH_USER_PATHS = NO;
				CLANG_ANALYZER_NONNULL = YES;
				CLANG_ANALYZER_NUMBER_OBJECT_CONVERSION = YES_AGGRESSIVE;
				CLANG_CXX_LANGUAGE_STANDARD = "gnu++14";
				CLANG_CXX_LIBRARY = "libc++";
				CLANG_ENABLE_MODULES = YES;
				CLANG_ENABLE_OBJC_ARC = YES;
				CLANG_WARN_BLOCK_CAPTURE_AUTORELEASING = YES;
				CLANG_WARN_BOOL_CONVERSION = YES;
				CLANG_WARN_COMMA = YES;
				CLANG_WARN_CONSTANT_CONVERSION = YES;
				CLANG_WARN_DIRECT_OBJC_ISA_USAGE = YES_ERROR;
				CLANG_WARN_DOCUMENTATION_COMMENTS = YES;
				CLANG_WARN_EMPTY_BODY = YES;
				CLANG_WARN_ENUM_CONVERSION = YES;
				CLANG_WARN_INFINITE_RECURSION = YES;
				CLANG_WARN_INT_CONVERSION = YES;
				CLANG_WARN_NON_LITERAL_NULL_CONVERSION = YES;
				CLANG_WARN_OBJC_LITERAL_CONVERSION = YES;
				CLANG_WARN_OBJC_ROOT_CLASS = YES_ERROR;
				CLANG_WARN_RANGE_LOOP_ANALYSIS = YES;
				CLANG_WARN_STRICT_PROTOTYPES = YES;
				CLANG_WARN_SUSPICIOUS_MOVE = YES;
				CLANG_WARN_UNGUARDED_AVAILABILITY = YES_AGGRESSIVE;
				CLANG_WARN_UNREACHABLE_CODE = YES;
				CLANG_WARN__DUPLICATE_METHOD_MATCH = YES;
				CODE_SIGN_IDENTITY = "iPhone Developer";
				COPY_PHASE_STRIP = NO;
				DEBUG_INFORMATION_FORMAT = dwarf;
				ENABLE_STRICT_OBJC_MSGSEND = YES;
				ENABLE_TESTABILITY = YES;
				GCC_C_LANGUAGE_STANDARD = gnu11;
				GCC_DYNAMIC_NO_PIC = NO;
				GCC_NO_COMMON_BLOCKS = YES;
				GCC_OPTIMIZATION_LEVEL = 0;
				GCC_PREPROCESSOR_DEFINITIONS = (
					"DEBUG=1",
					"$(inherited)",
				);
				GCC_WARN_64_TO_32_BIT_CONVERSION = YES;
				GCC_WARN_ABOUT_RETURN_TYPE = YES_ERROR;
				GCC_WARN_UNDECLARED_SELECTOR = YES;
				GCC_WARN_UNINITIALIZED_AUTOS = YES_AGGRESSIVE;
				GCC_WARN_UNUSED_FUNCTION = YES;
				GCC_WARN_UNUSED_VARIABLE = YES;
				IPHONEOS_DEPLOYMENT_TARGET = 11.2;
				MTL_ENABLE_DEBUG_INFO = YES;
				ONLY_ACTIVE_ARCH = YES;
				SDKROOT = iphoneos;
				SWIFT_ACTIVE_COMPILATION_CONDITIONS = DEBUG;
				SWIFT_OPTIMIZATION_LEVEL = "-Onone";
			};
			name = Debug;
		};
		9A4B183A2040FCB1008A51B3 /* Release */ = {
			isa = XCBuildConfiguration;
			buildSettings = {
				ALWAYS_SEARCH_USER_PATHS = NO;
				CLANG_ANALYZER_NONNULL = YES;
				CLANG_ANALYZER_NUMBER_OBJECT_CONVERSION = YES_AGGRESSIVE;
				CLANG_CXX_LANGUAGE_STANDARD = "gnu++14";
				CLANG_CXX_LIBRARY = "libc++";
				CLANG_ENABLE_MODULES = YES;
				CLANG_ENABLE_OBJC_ARC = YES;
				CLANG_WARN_BLOCK_CAPTURE_AUTORELEASING = YES;
				CLANG_WARN_BOOL_CONVERSION = YES;
				CLANG_WARN_COMMA = YES;
				CLANG_WARN_CONSTANT_CONVERSION = YES;
				CLANG_WARN_DIRECT_OBJC_ISA_USAGE = YES_ERROR;
				CLANG_WARN_DOCUMENTATION_COMMENTS = YES;
				CLANG_WARN_EMPTY_BODY = YES;
				CLANG_WARN_ENUM_CONVERSION = YES;
				CLANG_WARN_INFINITE_RECURSION = YES;
				CLANG_WARN_INT_CONVERSION = YES;
				CLANG_WARN_NON_LITERAL_NULL_CONVERSION = YES;
				CLANG_WARN_OBJC_LITERAL_CONVERSION = YES;
				CLANG_WARN_OBJC_ROOT_CLASS = YES_ERROR;
				CLANG_WARN_RANGE_LOOP_ANALYSIS = YES;
				CLANG_WARN_STRICT_PROTOTYPES = YES;
				CLANG_WARN_SUSPICIOUS_MOVE = YES;
				CLANG_WARN_UNGUARDED_AVAILABILITY = YES_AGGRESSIVE;
				CLANG_WARN_UNREACHABLE_CODE = YES;
				CLANG_WARN__DUPLICATE_METHOD_MATCH = YES;
				CODE_SIGN_IDENTITY = "iPhone Developer";
				COPY_PHASE_STRIP = NO;
				DEBUG_INFORMATION_FORMAT = "dwarf-with-dsym";
				ENABLE_NS_ASSERTIONS = NO;
				ENABLE_STRICT_OBJC_MSGSEND = YES;
				GCC_C_LANGUAGE_STANDARD = gnu11;
				GCC_NO_COMMON_BLOCKS = YES;
				GCC_WARN_64_TO_32_BIT_CONVERSION = YES;
				GCC_WARN_ABOUT_RETURN_TYPE = YES_ERROR;
				GCC_WARN_UNDECLARED_SELECTOR = YES;
				GCC_WARN_UNINITIALIZED_AUTOS = YES_AGGRESSIVE;
				GCC_WARN_UNUSED_FUNCTION = YES;
				GCC_WARN_UNUSED_VARIABLE = YES;
				IPHONEOS_DEPLOYMENT_TARGET = 11.2;
				MTL_ENABLE_DEBUG_INFO = NO;
				SDKROOT = iphoneos;
				SWIFT_OPTIMIZATION_LEVEL = "-Owholemodule";
				VALIDATE_PRODUCT = YES;
			};
			name = Release;
		};
		9A4B183C2040FCB1008A51B3 /* Debug */ = {
			isa = XCBuildConfiguration;
			baseConfigurationReference = 49174D7AED4A5A6CEC93AD0B /* Pods-Instagram.debug.xcconfig */;
			buildSettings = {
				ASSETCATALOG_COMPILER_APPICON_NAME = AppIcon;
				CODE_SIGN_STYLE = Automatic;
				DEVELOPMENT_TEAM = 7B6S9X2948;
				INFOPLIST_FILE = Instagram/Info.plist;
				LD_RUNPATH_SEARCH_PATHS = "$(inherited) @executable_path/Frameworks";
				PRODUCT_BUNDLE_IDENTIFIER = edu.csumb.sfloressilverio.Instagram;
				PRODUCT_NAME = "$(TARGET_NAME)";
				SWIFT_VERSION = 4.0;
				TARGETED_DEVICE_FAMILY = "1,2";
			};
			name = Debug;
		};
		9A4B183D2040FCB1008A51B3 /* Release */ = {
			isa = XCBuildConfiguration;
			baseConfigurationReference = E0C5670744D5CBD215C66503 /* Pods-Instagram.release.xcconfig */;
			buildSettings = {
				ASSETCATALOG_COMPILER_APPICON_NAME = AppIcon;
				CODE_SIGN_STYLE = Automatic;
				DEVELOPMENT_TEAM = 7B6S9X2948;
				INFOPLIST_FILE = Instagram/Info.plist;
				LD_RUNPATH_SEARCH_PATHS = "$(inherited) @executable_path/Frameworks";
				PRODUCT_BUNDLE_IDENTIFIER = edu.csumb.sfloressilverio.Instagram;
				PRODUCT_NAME = "$(TARGET_NAME)";
				SWIFT_VERSION = 4.0;
				TARGETED_DEVICE_FAMILY = "1,2";
			};
			name = Release;
		};
		9A4B183F2040FCB1008A51B3 /* Debug */ = {
			isa = XCBuildConfiguration;
			baseConfigurationReference = 5191C6D76973524F065E5A1A /* Pods-InstagramTests.debug.xcconfig */;
			buildSettings = {
				ALWAYS_EMBED_SWIFT_STANDARD_LIBRARIES = YES;
				BUNDLE_LOADER = "$(TEST_HOST)";
				CODE_SIGN_STYLE = Automatic;
				INFOPLIST_FILE = InstagramTests/Info.plist;
				LD_RUNPATH_SEARCH_PATHS = "$(inherited) @executable_path/Frameworks @loader_path/Frameworks";
				PRODUCT_BUNDLE_IDENTIFIER = edu.csumb.sfloressilverio.InstagramTests;
				PRODUCT_NAME = "$(TARGET_NAME)";
				SWIFT_VERSION = 4.0;
				TARGETED_DEVICE_FAMILY = "1,2";
				TEST_HOST = "$(BUILT_PRODUCTS_DIR)/Instagram.app/Instagram";
			};
			name = Debug;
		};
		9A4B18402040FCB1008A51B3 /* Release */ = {
			isa = XCBuildConfiguration;
			baseConfigurationReference = A2D67DD0C7A186307F7C79C6 /* Pods-InstagramTests.release.xcconfig */;
			buildSettings = {
				ALWAYS_EMBED_SWIFT_STANDARD_LIBRARIES = YES;
				BUNDLE_LOADER = "$(TEST_HOST)";
				CODE_SIGN_STYLE = Automatic;
				INFOPLIST_FILE = InstagramTests/Info.plist;
				LD_RUNPATH_SEARCH_PATHS = "$(inherited) @executable_path/Frameworks @loader_path/Frameworks";
				PRODUCT_BUNDLE_IDENTIFIER = edu.csumb.sfloressilverio.InstagramTests;
				PRODUCT_NAME = "$(TARGET_NAME)";
				SWIFT_VERSION = 4.0;
				TARGETED_DEVICE_FAMILY = "1,2";
				TEST_HOST = "$(BUILT_PRODUCTS_DIR)/Instagram.app/Instagram";
			};
			name = Release;
		};
		9A4B18422040FCB1008A51B3 /* Debug */ = {
			isa = XCBuildConfiguration;
			baseConfigurationReference = 001356B32C6E6A1CD720BF19 /* Pods-InstagramUITests.debug.xcconfig */;
			buildSettings = {
				ALWAYS_EMBED_SWIFT_STANDARD_LIBRARIES = YES;
				CODE_SIGN_STYLE = Automatic;
				INFOPLIST_FILE = InstagramUITests/Info.plist;
				LD_RUNPATH_SEARCH_PATHS = "$(inherited) @executable_path/Frameworks @loader_path/Frameworks";
				PRODUCT_BUNDLE_IDENTIFIER = edu.csumb.sfloressilverio.InstagramUITests;
				PRODUCT_NAME = "$(TARGET_NAME)";
				SWIFT_VERSION = 4.0;
				TARGETED_DEVICE_FAMILY = "1,2";
				TEST_TARGET_NAME = Instagram;
			};
			name = Debug;
		};
		9A4B18432040FCB1008A51B3 /* Release */ = {
			isa = XCBuildConfiguration;
			baseConfigurationReference = 0FDF4E0DA2D777DCE242A017 /* Pods-InstagramUITests.release.xcconfig */;
			buildSettings = {
				ALWAYS_EMBED_SWIFT_STANDARD_LIBRARIES = YES;
				CODE_SIGN_STYLE = Automatic;
				INFOPLIST_FILE = InstagramUITests/Info.plist;
				LD_RUNPATH_SEARCH_PATHS = "$(inherited) @executable_path/Frameworks @loader_path/Frameworks";
				PRODUCT_BUNDLE_IDENTIFIER = edu.csumb.sfloressilverio.InstagramUITests;
				PRODUCT_NAME = "$(TARGET_NAME)";
				SWIFT_VERSION = 4.0;
				TARGETED_DEVICE_FAMILY = "1,2";
				TEST_TARGET_NAME = Instagram;
			};
			name = Release;
		};
/* End XCBuildConfiguration section */

/* Begin XCConfigurationList section */
		9A4B180E2040FCB1008A51B3 /* Build configuration list for PBXProject "Instagram" */ = {
			isa = XCConfigurationList;
			buildConfigurations = (
				9A4B18392040FCB1008A51B3 /* Debug */,
				9A4B183A2040FCB1008A51B3 /* Release */,
			);
			defaultConfigurationIsVisible = 0;
			defaultConfigurationName = Release;
		};
		9A4B183B2040FCB1008A51B3 /* Build configuration list for PBXNativeTarget "Instagram" */ = {
			isa = XCConfigurationList;
			buildConfigurations = (
				9A4B183C2040FCB1008A51B3 /* Debug */,
				9A4B183D2040FCB1008A51B3 /* Release */,
			);
			defaultConfigurationIsVisible = 0;
			defaultConfigurationName = Release;
		};
		9A4B183E2040FCB1008A51B3 /* Build configuration list for PBXNativeTarget "InstagramTests" */ = {
			isa = XCConfigurationList;
			buildConfigurations = (
				9A4B183F2040FCB1008A51B3 /* Debug */,
				9A4B18402040FCB1008A51B3 /* Release */,
			);
			defaultConfigurationIsVisible = 0;
			defaultConfigurationName = Release;
		};
		9A4B18412040FCB1008A51B3 /* Build configuration list for PBXNativeTarget "InstagramUITests" */ = {
			isa = XCConfigurationList;
			buildConfigurations = (
				9A4B18422040FCB1008A51B3 /* Debug */,
				9A4B18432040FCB1008A51B3 /* Release */,
			);
			defaultConfigurationIsVisible = 0;
			defaultConfigurationName = Release;
		};
/* End XCConfigurationList section */
	};
	rootObject = 9A4B180B2040FCB1008A51B3 /* Project object */;
}
